
Microsoft Visual Studio Solution File, Format Version 12.00
# Visual Studio Version 17
VisualStudioVersion = 17.9.34728.123
MinimumVisualStudioVersion = 10.0.40219.1
Project("{FAE04EC0-301F-11D3-BF4B-00C04F79EFBC}") = "AIContentComposer", "AIContentComposer.csproj", "{A0055B2E-8338-4C1F-9FAE-E4EDA4EDEB40}"
EndProject
Global
	GlobalSection(SolutionConfigurationPlatforms) = preSolution
		Debug|Any CPU = Debug|Any CPU
		Release|Any CPU = Release|Any CPU
	EndGlobalSection
	GlobalSection(ProjectConfigurationPlatforms) = postSolution
		{A0055B2E-8338-4C1F-9FAE-E4EDA4EDEB40}.Debug|Any CPU.ActiveCfg = Debug|Any CPU
		{A0055B2E-8338-4C1F-9FAE-E4EDA4EDEB40}.Debug|Any CPU.Build.0 = Debug|Any CPU
		{A0055B2E-8338-4C1F-9FAE-E4EDA4EDEB40}.Release|Any CPU.ActiveCfg = Release|Any CPU
		{A0055B2E-8338-4C1F-9FAE-E4EDA4EDEB40}.Release|Any CPU.Build.0 = Release|Any CPU
	EndGlobalSection
	GlobalSection(SolutionProperties) = preSolution
		HideSolutionNode = FALSE
	EndGlobalSection
	GlobalSection(ExtensibilityGlobals) = postSolution
		SolutionGuid = {5663F66B-F6BD-440B-9017-D8BA3EB24B70}
	EndGlobalSection
EndGlobal
